
Microsoft Visual Studio Solution File, Format Version 12.00
# Visual Studio Version 16
VisualStudioVersion = 16.0.30406.217
MinimumVisualStudioVersion = 10.0.40219.1
Project("{FAE04EC0-301F-11D3-BF4B-00C04F79EFBC}") = "CifSQL", "CifSQL.csproj", "{2EBCAD22-3A6A-4CD2-83B1-BCC36DE83B4E}"
EndProject
Global
	GlobalSection(SolutionConfigurationPlatforms) = preSolution
		Debug|Any CPU = Debug|Any CPU
		Release|Any CPU = Release|Any CPU
	EndGlobalSection
	GlobalSection(ProjectConfigurationPlatforms) = postSolution
		{2EBCAD22-3A6A-4CD2-83B1-BCC36DE83B4E}.Debug|Any CPU.ActiveCfg = Debug|Any CPU
		{2EBCAD22-3A6A-4CD2-83B1-BCC36DE83B4E}.Debug|Any CPU.Build.0 = Debug|Any CPU
		{2EBCAD22-3A6A-4CD2-83B1-BCC36DE83B4E}.Release|Any CPU.ActiveCfg = Release|Any CPU
		{2EBCAD22-3A6A-4CD2-83B1-BCC36DE83B4E}.Release|Any CPU.Build.0 = Release|Any CPU
	EndGlobalSection
	GlobalSection(SolutionProperties) = preSolution
		HideSolutionNode = FALSE
	EndGlobalSection
	GlobalSection(ExtensibilityGlobals) = postSolution
		SolutionGuid = {C35AA082-771C-45D3-8FBC-AC0E67059E79}
	EndGlobalSection
EndGlobal
